
Microsoft Visual Studio Solution File, Format Version 12.00
# Visual Studio Version 16
VisualStudioVersion = 16.0.29326.143
MinimumVisualStudioVersion = 10.0.40219.1
Project("{FAE04EC0-301F-11D3-BF4B-00C04F79EFBC}") = "Time_Watcher", "Time_Watcher\Time_Watcher.csproj", "{4972EA91-6821-48FF-9428-F90692CF684F}"
EndProject
Global
	GlobalSection(SolutionConfigurationPlatforms) = preSolution
		Debug|Any CPU = Debug|Any CPU
		Release|Any CPU = Release|Any CPU
	EndGlobalSection
	GlobalSection(ProjectConfigurationPlatforms) = postSolution
		{4972EA91-6821-48FF-9428-F90692CF684F}.Debug|Any CPU.ActiveCfg = Debug|Any CPU
		{4972EA91-6821-48FF-9428-F90692CF684F}.Debug|Any CPU.Build.0 = Debug|Any CPU
		{4972EA91-6821-48FF-9428-F90692CF684F}.Release|Any CPU.ActiveCfg = Release|Any CPU
		{4972EA91-6821-48FF-9428-F90692CF684F}.Release|Any CPU.Build.0 = Release|Any CPU
	EndGlobalSection
	GlobalSection(SolutionProperties) = preSolution
		HideSolutionNode = FALSE
	EndGlobalSection
	GlobalSection(ExtensibilityGlobals) = postSolution
		SolutionGuid = {0AF10CF3-E24A-4087-B551-7BDDCBB22DE8}
	EndGlobalSection
EndGlobal
